// !$*UTF8*$!
{
	archiveVersion = 1;
	classes = {
	};
	objectVersion = 56;
	objects = {

/* Begin PBXBuildFile section */
		1FFE4D6C2A309E4EEF3BA256 /* Pods_MazaadyTests.framework in Frameworks */ = {isa = PBXBuildFile; fileRef = 58480EA7B5A02DB70EC6FDF4 /* Pods_MazaadyTests.framework */; };
		312584BD298A7F3100C39F7B /* AppDelegate.swift in Sources */ = {isa = PBXBuildFile; fileRef = 312584BC298A7F3100C39F7B /* AppDelegate.swift */; };
		312584BF298A7F3100C39F7B /* SceneDelegate.swift in Sources */ = {isa = PBXBuildFile; fileRef = 312584BE298A7F3100C39F7B /* SceneDelegate.swift */; };
		312584C1298A7F3100C39F7B /* BaseViewController.swift in Sources */ = {isa = PBXBuildFile; fileRef = 312584C0298A7F3100C39F7B /* BaseViewController.swift */; };
		312584C4298A7F3100C39F7B /* Main.storyboard in Resources */ = {isa = PBXBuildFile; fileRef = 312584C2298A7F3100C39F7B /* Main.storyboard */; };
		312584C6298A7F3200C39F7B /* Assets.xcassets in Resources */ = {isa = PBXBuildFile; fileRef = 312584C5298A7F3200C39F7B /* Assets.xcassets */; };
		312584C9298A7F3200C39F7B /* LaunchScreen.storyboard in Resources */ = {isa = PBXBuildFile; fileRef = 312584C7298A7F3200C39F7B /* LaunchScreen.storyboard */; };
		312584D4298A7F3200C39F7B /* MazaadyTests.swift in Sources */ = {isa = PBXBuildFile; fileRef = 312584D3298A7F3200C39F7B /* MazaadyTests.swift */; };
		312584DE298A7F3200C39F7B /* MazaadyUITests.swift in Sources */ = {isa = PBXBuildFile; fileRef = 312584DD298A7F3200C39F7B /* MazaadyUITests.swift */; };
		312584E0298A7F3200C39F7B /* MazaadyUITestsLaunchTests.swift in Sources */ = {isa = PBXBuildFile; fileRef = 312584DF298A7F3200C39F7B /* MazaadyUITestsLaunchTests.swift */; };
		312584F4298A87E600C39F7B /* APIError.swift in Sources */ = {isa = PBXBuildFile; fileRef = 312584F3298A87E600C39F7B /* APIError.swift */; };
		312584F6298A87F100C39F7B /* APIRoute.swift in Sources */ = {isa = PBXBuildFile; fileRef = 312584F5298A87F100C39F7B /* APIRoute.swift */; };
		312584F8298A87F800C39F7B /* Result.swift in Sources */ = {isa = PBXBuildFile; fileRef = 312584F7298A87F800C39F7B /* Result.swift */; };
		312584FA298A87FF00C39F7B /* Endpoint.swift in Sources */ = {isa = PBXBuildFile; fileRef = 312584F9298A87FF00C39F7B /* Endpoint.swift */; };
		312584FC298A880E00C39F7B /* Mazaady.swift in Sources */ = {isa = PBXBuildFile; fileRef = 312584FB298A880E00C39F7B /* Mazaady.swift */; };
		312584FE298A8B7B00C39F7B /* SearchViewController.swift in Sources */ = {isa = PBXBuildFile; fileRef = 312584FD298A8B7B00C39F7B /* SearchViewController.swift */; };
		31258502298A8BAC00C39F7B /* SearchInputTableViewCell.swift in Sources */ = {isa = PBXBuildFile; fileRef = 31258500298A8BAC00C39F7B /* SearchInputTableViewCell.swift */; };
		31258503298A8BAC00C39F7B /* SearchInputTableViewCell.xib in Resources */ = {isa = PBXBuildFile; fileRef = 31258501298A8BAC00C39F7B /* SearchInputTableViewCell.xib */; };
		3125850A298A8FC300C39F7B /* UITableView+Exetnsions.swift in Sources */ = {isa = PBXBuildFile; fileRef = 31258509298A8FC300C39F7B /* UITableView+Exetnsions.swift */; };
		3125850C298A91D800C39F7B /* UIView+Extensions.swift in Sources */ = {isa = PBXBuildFile; fileRef = 3125850B298A91D800C39F7B /* UIView+Extensions.swift */; };
		3125850E298A970600C39F7B /* BaseTextField.swift in Sources */ = {isa = PBXBuildFile; fileRef = 3125850D298A970600C39F7B /* BaseTextField.swift */; };
		313FB5DE298BE554009AA68C /* UICollectionView+Exetnsions.swift in Sources */ = {isa = PBXBuildFile; fileRef = 313FB5DD298BE554009AA68C /* UICollectionView+Exetnsions.swift */; };
		3167A4B4298BEB6E00384B99 /* GradientView.swift in Sources */ = {isa = PBXBuildFile; fileRef = 3167A4B3298BEB6E00384B99 /* GradientView.swift */; };
		3167A4B6298BED4800384B99 /* GradientButton.swift in Sources */ = {isa = PBXBuildFile; fileRef = 3167A4B5298BED4800384B99 /* GradientButton.swift */; };
		3167A4B9298BF0E800384B99 /* SearchSections.swift in Sources */ = {isa = PBXBuildFile; fileRef = 3167A4B8298BF0E800384B99 /* SearchSections.swift */; };
		3167A4BC298BF45900384B99 /* PriceCollectionViewCell.swift in Sources */ = {isa = PBXBuildFile; fileRef = 3167A4BA298BF45900384B99 /* PriceCollectionViewCell.swift */; };
		3167A4BD298BF45900384B99 /* PriceCollectionViewCell.xib in Resources */ = {isa = PBXBuildFile; fileRef = 3167A4BB298BF45900384B99 /* PriceCollectionViewCell.xib */; };
		3167A4C1298BF8ED00384B99 /* DashedView.swift in Sources */ = {isa = PBXBuildFile; fileRef = 3167A4C0298BF8ED00384B99 /* DashedView.swift */; };
		3167A4C4298BFBE500384B99 /* ItemVideosCollectionViewCell.swift in Sources */ = {isa = PBXBuildFile; fileRef = 3167A4C2298BFBE500384B99 /* ItemVideosCollectionViewCell.swift */; };
		3167A4C5298BFBE500384B99 /* ItemVideosCollectionViewCell.xib in Resources */ = {isa = PBXBuildFile; fileRef = 3167A4C3298BFBE500384B99 /* ItemVideosCollectionViewCell.xib */; };
		3167A4C8298C038B00384B99 /* DetailsSections.swift in Sources */ = {isa = PBXBuildFile; fileRef = 3167A4C7298C038B00384B99 /* DetailsSections.swift */; };
		3167A4CB298C075F00384B99 /* SearchViewModel.swift in Sources */ = {isa = PBXBuildFile; fileRef = 3167A4CA298C075F00384B99 /* SearchViewModel.swift */; };
		3167A4CF298C14B700384B99 /* ResultViewController.swift in Sources */ = {isa = PBXBuildFile; fileRef = 3167A4CE298C14B700384B99 /* ResultViewController.swift */; };
		3167A4D3298C155900384B99 /* ResultTableViewCell.swift in Sources */ = {isa = PBXBuildFile; fileRef = 3167A4D1298C155900384B99 /* ResultTableViewCell.swift */; };
		3167A4D4298C155900384B99 /* ResultTableViewCell.xib in Resources */ = {isa = PBXBuildFile; fileRef = 3167A4D2298C155900384B99 /* ResultTableViewCell.xib */; };
		3167A4D7298C177A00384B99 /* ResultModel.swift in Sources */ = {isa = PBXBuildFile; fileRef = 3167A4D6298C177A00384B99 /* ResultModel.swift */; };
		3167A4D9298C235B00384B99 /* UIViewController+Extensions.swift in Sources */ = {isa = PBXBuildFile; fileRef = 3167A4D8298C235B00384B99 /* UIViewController+Extensions.swift */; };
		3167A4DB298C2E5100384B99 /* BuyerSectionHeaderView.swift in Sources */ = {isa = PBXBuildFile; fileRef = 3167A4DA298C2E5100384B99 /* BuyerSectionHeaderView.swift */; };
		3167A4DD298C2E7100384B99 /* BuyerSectionHeaderView.xib in Resources */ = {isa = PBXBuildFile; fileRef = 3167A4DC298C2E7100384B99 /* BuyerSectionHeaderView.xib */; };
		3167A4DF298C97A300384B99 /* SearchModel.swift in Sources */ = {isa = PBXBuildFile; fileRef = 3167A4DE298C97A300384B99 /* SearchModel.swift */; };
		31B29E26298BC48D0065B183 /* ItemDetailsViewController.swift in Sources */ = {isa = PBXBuildFile; fileRef = 31B29E25298BC48D0065B183 /* ItemDetailsViewController.swift */; };
		31B29E2A298BC8B40065B183 /* RecommendedItemsTableViewCell.swift in Sources */ = {isa = PBXBuildFile; fileRef = 31B29E28298BC8B40065B183 /* RecommendedItemsTableViewCell.swift */; };
		31B29E2B298BC8B40065B183 /* RecommendedItemsTableViewCell.xib in Resources */ = {isa = PBXBuildFile; fileRef = 31B29E29298BC8B40065B183 /* RecommendedItemsTableViewCell.xib */; };
		31B29E2E298BCA9D0065B183 /* SellerTableViewCell.swift in Sources */ = {isa = PBXBuildFile; fileRef = 31B29E2C298BCA9D0065B183 /* SellerTableViewCell.swift */; };
		31B29E2F298BCA9D0065B183 /* SellerTableViewCell.xib in Resources */ = {isa = PBXBuildFile; fileRef = 31B29E2D298BCA9D0065B183 /* SellerTableViewCell.xib */; };
		31B29E32298BCAC70065B183 /* BuyerTableViewCell.swift in Sources */ = {isa = PBXBuildFile; fileRef = 31B29E30298BCAC60065B183 /* BuyerTableViewCell.swift */; };
		31B29E33298BCAC70065B183 /* BuyerTableViewCell.xib in Resources */ = {isa = PBXBuildFile; fileRef = 31B29E31298BCAC60065B183 /* BuyerTableViewCell.xib */; };
		31B29E36298BCADC0065B183 /* ItemDetailsTableViewCell.swift in Sources */ = {isa = PBXBuildFile; fileRef = 31B29E34298BCADC0065B183 /* ItemDetailsTableViewCell.swift */; };
		31B29E37298BCADC0065B183 /* ItemDetailsTableViewCell.xib in Resources */ = {isa = PBXBuildFile; fileRef = 31B29E35298BCADC0065B183 /* ItemDetailsTableViewCell.xib */; };
		31B29E3A298BCAFB0065B183 /* RecommendedItemCollectionViewCell.swift in Sources */ = {isa = PBXBuildFile; fileRef = 31B29E38298BCAFB0065B183 /* RecommendedItemCollectionViewCell.swift */; };
		31B29E3B298BCAFB0065B183 /* RecommendedItemCollectionViewCell.xib in Resources */ = {isa = PBXBuildFile; fileRef = 31B29E39298BCAFB0065B183 /* RecommendedItemCollectionViewCell.xib */; };
		8E14D54A895BAAB9D2873FEB /* Pods_Mazaady_MazaadyUITests.framework in Frameworks */ = {isa = PBXBuildFile; fileRef = 19DADE92430B5E66E1636ECA /* Pods_Mazaady_MazaadyUITests.framework */; };
		E3DA3D6D3B1404622468677C /* Pods_Mazaady.framework in Frameworks */ = {isa = PBXBuildFile; fileRef = E61A5155ED46586E62B3DF7B /* Pods_Mazaady.framework */; };
/* End PBXBuildFile section */

/* Begin PBXContainerItemProxy section */
		312584D0298A7F3200C39F7B /* PBXContainerItemProxy */ = {
			isa = PBXContainerItemProxy;
			containerPortal = 312584B1298A7F3100C39F7B /* Project object */;
			proxyType = 1;
			remoteGlobalIDString = 312584B8298A7F3100C39F7B;
			remoteInfo = Mazaady;
		};
		312584DA298A7F3200C39F7B /* PBXContainerItemProxy */ = {
			isa = PBXContainerItemProxy;
			containerPortal = 312584B1298A7F3100C39F7B /* Project object */;
			proxyType = 1;
			remoteGlobalIDString = 312584B8298A7F3100C39F7B;
			remoteInfo = Mazaady;
		};
/* End PBXContainerItemProxy section */

/* Begin PBXFileReference section */
		19DADE92430B5E66E1636ECA /* Pods_Mazaady_MazaadyUITests.framework */ = {isa = PBXFileReference; explicitFileType = wrapper.framework; includeInIndex = 0; path = Pods_Mazaady_MazaadyUITests.framework; sourceTree = BUILT_PRODUCTS_DIR; };
		312584B9298A7F3100C39F7B /* Mazaady.app */ = {isa = PBXFileReference; explicitFileType = wrapper.application; includeInIndex = 0; path = Mazaady.app; sourceTree = BUILT_PRODUCTS_DIR; };
		312584BC298A7F3100C39F7B /* AppDelegate.swift */ = {isa = PBXFileReference; lastKnownFileType = sourcecode.swift; path = AppDelegate.swift; sourceTree = "<group>"; };
		312584BE298A7F3100C39F7B /* SceneDelegate.swift */ = {isa = PBXFileReference; lastKnownFileType = sourcecode.swift; path = SceneDelegate.swift; sourceTree = "<group>"; };
		312584C0298A7F3100C39F7B /* BaseViewController.swift */ = {isa = PBXFileReference; lastKnownFileType = sourcecode.swift; path = BaseViewController.swift; sourceTree = "<group>"; };
		312584C3298A7F3100C39F7B /* Base */ = {isa = PBXFileReference; lastKnownFileType = file.storyboard; name = Base; path = Base.lproj/Main.storyboard; sourceTree = "<group>"; };
		312584C5298A7F3200C39F7B /* Assets.xcassets */ = {isa = PBXFileReference; lastKnownFileType = folder.assetcatalog; path = Assets.xcassets; sourceTree = "<group>"; };
		312584C8298A7F3200C39F7B /* Base */ = {isa = PBXFileReference; lastKnownFileType = file.storyboard; name = Base; path = Base.lproj/LaunchScreen.storyboard; sourceTree = "<group>"; };
		312584CA298A7F3200C39F7B /* Info.plist */ = {isa = PBXFileReference; lastKnownFileType = text.plist.xml; path = Info.plist; sourceTree = "<group>"; };
		312584CF298A7F3200C39F7B /* MazaadyTests.xctest */ = {isa = PBXFileReference; explicitFileType = wrapper.cfbundle; includeInIndex = 0; path = MazaadyTests.xctest; sourceTree = BUILT_PRODUCTS_DIR; };
		312584D3298A7F3200C39F7B /* MazaadyTests.swift */ = {isa = PBXFileReference; lastKnownFileType = sourcecode.swift; path = MazaadyTests.swift; sourceTree = "<group>"; };
		312584D9298A7F3200C39F7B /* MazaadyUITests.xctest */ = {isa = PBXFileReference; explicitFileType = wrapper.cfbundle; includeInIndex = 0; path = MazaadyUITests.xctest; sourceTree = BUILT_PRODUCTS_DIR; };
		312584DD298A7F3200C39F7B /* MazaadyUITests.swift */ = {isa = PBXFileReference; lastKnownFileType = sourcecode.swift; path = MazaadyUITests.swift; sourceTree = "<group>"; };
		312584DF298A7F3200C39F7B /* MazaadyUITestsLaunchTests.swift */ = {isa = PBXFileReference; lastKnownFileType = sourcecode.swift; path = MazaadyUITestsLaunchTests.swift; sourceTree = "<group>"; };
		312584F3298A87E600C39F7B /* APIError.swift */ = {isa = PBXFileReference; lastKnownFileType = sourcecode.swift; path = APIError.swift; sourceTree = "<group>"; };
		312584F5298A87F100C39F7B /* APIRoute.swift */ = {isa = PBXFileReference; lastKnownFileType = sourcecode.swift; path = APIRoute.swift; sourceTree = "<group>"; };
		312584F7298A87F800C39F7B /* Result.swift */ = {isa = PBXFileReference; lastKnownFileType = sourcecode.swift; path = Result.swift; sourceTree = "<group>"; };
		312584F9298A87FF00C39F7B /* Endpoint.swift */ = {isa = PBXFileReference; lastKnownFileType = sourcecode.swift; path = Endpoint.swift; sourceTree = "<group>"; };
		312584FB298A880E00C39F7B /* Mazaady.swift */ = {isa = PBXFileReference; lastKnownFileType = sourcecode.swift; path = Mazaady.swift; sourceTree = "<group>"; };
		312584FD298A8B7B00C39F7B /* SearchViewController.swift */ = {isa = PBXFileReference; lastKnownFileType = sourcecode.swift; path = SearchViewController.swift; sourceTree = "<group>"; };
		31258500298A8BAC00C39F7B /* SearchInputTableViewCell.swift */ = {isa = PBXFileReference; lastKnownFileType = sourcecode.swift; path = SearchInputTableViewCell.swift; sourceTree = "<group>"; };
		31258501298A8BAC00C39F7B /* SearchInputTableViewCell.xib */ = {isa = PBXFileReference; lastKnownFileType = file.xib; path = SearchInputTableViewCell.xib; sourceTree = "<group>"; };
		31258509298A8FC300C39F7B /* UITableView+Exetnsions.swift */ = {isa = PBXFileReference; lastKnownFileType = sourcecode.swift; path = "UITableView+Exetnsions.swift"; sourceTree = "<group>"; };
		3125850B298A91D800C39F7B /* UIView+Extensions.swift */ = {isa = PBXFileReference; lastKnownFileType = sourcecode.swift; path = "UIView+Extensions.swift"; sourceTree = "<group>"; };
		3125850D298A970600C39F7B /* BaseTextField.swift */ = {isa = PBXFileReference; lastKnownFileType = sourcecode.swift; path = BaseTextField.swift; sourceTree = "<group>"; };
		313FB5DD298BE554009AA68C /* UICollectionView+Exetnsions.swift */ = {isa = PBXFileReference; lastKnownFileType = sourcecode.swift; path = "UICollectionView+Exetnsions.swift"; sourceTree = "<group>"; };
		3167A4B3298BEB6E00384B99 /* GradientView.swift */ = {isa = PBXFileReference; lastKnownFileType = sourcecode.swift; path = GradientView.swift; sourceTree = "<group>"; };
		3167A4B5298BED4800384B99 /* GradientButton.swift */ = {isa = PBXFileReference; lastKnownFileType = sourcecode.swift; path = GradientButton.swift; sourceTree = "<group>"; };
		3167A4B8298BF0E800384B99 /* SearchSections.swift */ = {isa = PBXFileReference; lastKnownFileType = sourcecode.swift; path = SearchSections.swift; sourceTree = "<group>"; };
		3167A4BA298BF45900384B99 /* PriceCollectionViewCell.swift */ = {isa = PBXFileReference; lastKnownFileType = sourcecode.swift; path = PriceCollectionViewCell.swift; sourceTree = "<group>"; };
		3167A4BB298BF45900384B99 /* PriceCollectionViewCell.xib */ = {isa = PBXFileReference; lastKnownFileType = file.xib; path = PriceCollectionViewCell.xib; sourceTree = "<group>"; };
		3167A4C0298BF8ED00384B99 /* DashedView.swift */ = {isa = PBXFileReference; lastKnownFileType = sourcecode.swift; path = DashedView.swift; sourceTree = "<group>"; };
		3167A4C2298BFBE500384B99 /* ItemVideosCollectionViewCell.swift */ = {isa = PBXFileReference; lastKnownFileType = sourcecode.swift; path = ItemVideosCollectionViewCell.swift; sourceTree = "<group>"; };
		3167A4C3298BFBE500384B99 /* ItemVideosCollectionViewCell.xib */ = {isa = PBXFileReference; lastKnownFileType = file.xib; path = ItemVideosCollectionViewCell.xib; sourceTree = "<group>"; };
		3167A4C7298C038B00384B99 /* DetailsSections.swift */ = {isa = PBXFileReference; lastKnownFileType = sourcecode.swift; path = DetailsSections.swift; sourceTree = "<group>"; };
		3167A4CA298C075F00384B99 /* SearchViewModel.swift */ = {isa = PBXFileReference; lastKnownFileType = sourcecode.swift; path = SearchViewModel.swift; sourceTree = "<group>"; };
		3167A4CE298C14B700384B99 /* ResultViewController.swift */ = {isa = PBXFileReference; lastKnownFileType = sourcecode.swift; path = ResultViewController.swift; sourceTree = "<group>"; };
		3167A4D1298C155900384B99 /* ResultTableViewCell.swift */ = {isa = PBXFileReference; lastKnownFileType = sourcecode.swift; path = ResultTableViewCell.swift; sourceTree = "<group>"; };
		3167A4D2298C155900384B99 /* ResultTableViewCell.xib */ = {isa = PBXFileReference; lastKnownFileType = file.xib; path = ResultTableViewCell.xib; sourceTree = "<group>"; };
		3167A4D6298C177A00384B99 /* ResultModel.swift */ = {isa = PBXFileReference; lastKnownFileType = sourcecode.swift; path = ResultModel.swift; sourceTree = "<group>"; };
		3167A4D8298C235B00384B99 /* UIViewController+Extensions.swift */ = {isa = PBXFileReference; lastKnownFileType = sourcecode.swift; path = "UIViewController+Extensions.swift"; sourceTree = "<group>"; };
		3167A4DA298C2E5100384B99 /* BuyerSectionHeaderView.swift */ = {isa = PBXFileReference; lastKnownFileType = sourcecode.swift; path = BuyerSectionHeaderView.swift; sourceTree = "<group>"; };
		3167A4DC298C2E7100384B99 /* BuyerSectionHeaderView.xib */ = {isa = PBXFileReference; lastKnownFileType = file.xib; path = BuyerSectionHeaderView.xib; sourceTree = "<group>"; };
		3167A4DE298C97A300384B99 /* SearchModel.swift */ = {isa = PBXFileReference; lastKnownFileType = sourcecode.swift; path = SearchModel.swift; sourceTree = "<group>"; };
		31B29E25298BC48D0065B183 /* ItemDetailsViewController.swift */ = {isa = PBXFileReference; lastKnownFileType = sourcecode.swift; path = ItemDetailsViewController.swift; sourceTree = "<group>"; };
		31B29E28298BC8B40065B183 /* RecommendedItemsTableViewCell.swift */ = {isa = PBXFileReference; lastKnownFileType = sourcecode.swift; path = RecommendedItemsTableViewCell.swift; sourceTree = "<group>"; };
		31B29E29298BC8B40065B183 /* RecommendedItemsTableViewCell.xib */ = {isa = PBXFileReference; lastKnownFileType = file.xib; path = RecommendedItemsTableViewCell.xib; sourceTree = "<group>"; };
		31B29E2C298BCA9D0065B183 /* SellerTableViewCell.swift */ = {isa = PBXFileReference; lastKnownFileType = sourcecode.swift; path = SellerTableViewCell.swift; sourceTree = "<group>"; };
		31B29E2D298BCA9D0065B183 /* SellerTableViewCell.xib */ = {isa = PBXFileReference; lastKnownFileType = file.xib; path = SellerTableViewCell.xib; sourceTree = "<group>"; };
		31B29E30298BCAC60065B183 /* BuyerTableViewCell.swift */ = {isa = PBXFileReference; lastKnownFileType = sourcecode.swift; path = BuyerTableViewCell.swift; sourceTree = "<group>"; };
		31B29E31298BCAC60065B183 /* BuyerTableViewCell.xib */ = {isa = PBXFileReference; lastKnownFileType = file.xib; path = BuyerTableViewCell.xib; sourceTree = "<group>"; };
		31B29E34298BCADC0065B183 /* ItemDetailsTableViewCell.swift */ = {isa = PBXFileReference; lastKnownFileType = sourcecode.swift; path = ItemDetailsTableViewCell.swift; sourceTree = "<group>"; };
		31B29E35298BCADC0065B183 /* ItemDetailsTableViewCell.xib */ = {isa = PBXFileReference; lastKnownFileType = file.xib; path = ItemDetailsTableViewCell.xib; sourceTree = "<group>"; };
		31B29E38298BCAFB0065B183 /* RecommendedItemCollectionViewCell.swift */ = {isa = PBXFileReference; lastKnownFileType = sourcecode.swift; path = RecommendedItemCollectionViewCell.swift; sourceTree = "<group>"; };
		31B29E39298BCAFB0065B183 /* RecommendedItemCollectionViewCell.xib */ = {isa = PBXFileReference; lastKnownFileType = file.xib; path = RecommendedItemCollectionViewCell.xib; sourceTree = "<group>"; };
		58480EA7B5A02DB70EC6FDF4 /* Pods_MazaadyTests.framework */ = {isa = PBXFileReference; explicitFileType = wrapper.framework; includeInIndex = 0; path = Pods_MazaadyTests.framework; sourceTree = BUILT_PRODUCTS_DIR; };
		655A27BB6EB25FDF55CE092C /* Pods-Mazaady-MazaadyUITests.debug.xcconfig */ = {isa = PBXFileReference; includeInIndex = 1; lastKnownFileType = text.xcconfig; name = "Pods-Mazaady-MazaadyUITests.debug.xcconfig"; path = "Target Support Files/Pods-Mazaady-MazaadyUITests/Pods-Mazaady-MazaadyUITests.debug.xcconfig"; sourceTree = "<group>"; };
		68547907B33067106C796A75 /* Pods-Mazaady.release.xcconfig */ = {isa = PBXFileReference; includeInIndex = 1; lastKnownFileType = text.xcconfig; name = "Pods-Mazaady.release.xcconfig"; path = "Target Support Files/Pods-Mazaady/Pods-Mazaady.release.xcconfig"; sourceTree = "<group>"; };
		6CF5FC2F678114269AD66BC0 /* Pods-Mazaady-MazaadyUITests.release.xcconfig */ = {isa = PBXFileReference; includeInIndex = 1; lastKnownFileType = text.xcconfig; name = "Pods-Mazaady-MazaadyUITests.release.xcconfig"; path = "Target Support Files/Pods-Mazaady-MazaadyUITests/Pods-Mazaady-MazaadyUITests.release.xcconfig"; sourceTree = "<group>"; };
		78955A088DFBD4D122F6C3F1 /* Pods-Mazaady.debug.xcconfig */ = {isa = PBXFileReference; includeInIndex = 1; lastKnownFileType = text.xcconfig; name = "Pods-Mazaady.debug.xcconfig"; path = "Target Support Files/Pods-Mazaady/Pods-Mazaady.debug.xcconfig"; sourceTree = "<group>"; };
		BBE7E0122FF92652BEE3423F /* Pods-MazaadyTests.release.xcconfig */ = {isa = PBXFileReference; includeInIndex = 1; lastKnownFileType = text.xcconfig; name = "Pods-MazaadyTests.release.xcconfig"; path = "Target Support Files/Pods-MazaadyTests/Pods-MazaadyTests.release.xcconfig"; sourceTree = "<group>"; };
		D3597FB89DD2CA336163A40F /* Pods-MazaadyTests.debug.xcconfig */ = {isa = PBXFileReference; includeInIndex = 1; lastKnownFileType = text.xcconfig; name = "Pods-MazaadyTests.debug.xcconfig"; path = "Target Support Files/Pods-MazaadyTests/Pods-MazaadyTests.debug.xcconfig"; sourceTree = "<group>"; };
		E61A5155ED46586E62B3DF7B /* Pods_Mazaady.framework */ = {isa = PBXFileReference; explicitFileType = wrapper.framework; includeInIndex = 0; path = Pods_Mazaady.framework; sourceTree = BUILT_PRODUCTS_DIR; };
/* End PBXFileReference section */

/* Begin PBXFrameworksBuildPhase section */
		312584B6298A7F3100C39F7B /* Frameworks */ = {
			isa = PBXFrameworksBuildPhase;
			buildActionMask = 2147483647;
			files = (
				E3DA3D6D3B1404622468677C /* Pods_Mazaady.framework in Frameworks */,
			);
			runOnlyForDeploymentPostprocessing = 0;
		};
		312584CC298A7F3200C39F7B /* Frameworks */ = {
			isa = PBXFrameworksBuildPhase;
			buildActionMask = 2147483647;
			files = (
				1FFE4D6C2A309E4EEF3BA256 /* Pods_MazaadyTests.framework in Frameworks */,
			);
			runOnlyForDeploymentPostprocessing = 0;
		};
		312584D6298A7F3200C39F7B /* Frameworks */ = {
			isa = PBXFrameworksBuildPhase;
			buildActionMask = 2147483647;
			files = (
				8E14D54A895BAAB9D2873FEB /* Pods_Mazaady_MazaadyUITests.framework in Frameworks */,
			);
			runOnlyForDeploymentPostprocessing = 0;
		};
/* End PBXFrameworksBuildPhase section */

/* Begin PBXGroup section */
		312584B0298A7F3100C39F7B = {
			isa = PBXGroup;
			children = (
				312584BB298A7F3100C39F7B /* Mazaady */,
				312584D2298A7F3200C39F7B /* MazaadyTests */,
				312584DC298A7F3200C39F7B /* MazaadyUITests */,
				312584BA298A7F3100C39F7B /* Products */,
				B52800235A136CFE44FCD270 /* Pods */,
				DA8ADEB91389C26C3912E466 /* Frameworks */,
			);
			sourceTree = "<group>";
		};
		312584BA298A7F3100C39F7B /* Products */ = {
			isa = PBXGroup;
			children = (
				312584B9298A7F3100C39F7B /* Mazaady.app */,
				312584CF298A7F3200C39F7B /* MazaadyTests.xctest */,
				312584D9298A7F3200C39F7B /* MazaadyUITests.xctest */,
			);
			name = Products;
			sourceTree = "<group>";
		};
		312584BB298A7F3100C39F7B /* Mazaady */ = {
			isa = PBXGroup;
			children = (
				312584ED298A7FAD00C39F7B /* AppDelegate */,
				312584EC298A7F3B00C39F7B /* Network */,
				312584F2298A877F00C39F7B /* Scenes */,
				312584F1298A807700C39F7B /* Base */,
				3167A4B2298BEB5800384B99 /* Custom View */,
				312584EE298A801600C39F7B /* Extensions */,
				312584EF298A802400C39F7B /* Assets */,
				312584F0298A803D00C39F7B /* Storyboards */,
				312584CA298A7F3200C39F7B /* Info.plist */,
			);
			path = Mazaady;
			sourceTree = "<group>";
		};
		312584D2298A7F3200C39F7B /* MazaadyTests */ = {
			isa = PBXGroup;
			children = (
				312584D3298A7F3200C39F7B /* MazaadyTests.swift */,
			);
			path = MazaadyTests;
			sourceTree = "<group>";
		};
		312584DC298A7F3200C39F7B /* MazaadyUITests */ = {
			isa = PBXGroup;
			children = (
				312584DD298A7F3200C39F7B /* MazaadyUITests.swift */,
				312584DF298A7F3200C39F7B /* MazaadyUITestsLaunchTests.swift */,
			);
			path = MazaadyUITests;
			sourceTree = "<group>";
		};
		312584EC298A7F3B00C39F7B /* Network */ = {
			isa = PBXGroup;
			children = (
				312584F3298A87E600C39F7B /* APIError.swift */,
				312584F5298A87F100C39F7B /* APIRoute.swift */,
				312584F7298A87F800C39F7B /* Result.swift */,
				312584F9298A87FF00C39F7B /* Endpoint.swift */,
				312584FB298A880E00C39F7B /* Mazaady.swift */,
			);
			path = Network;
			sourceTree = "<group>";
		};
		312584ED298A7FAD00C39F7B /* AppDelegate */ = {
			isa = PBXGroup;
			children = (
				312584BC298A7F3100C39F7B /* AppDelegate.swift */,
				312584BE298A7F3100C39F7B /* SceneDelegate.swift */,
			);
			path = AppDelegate;
			sourceTree = "<group>";
		};
		312584EE298A801600C39F7B /* Extensions */ = {
			isa = PBXGroup;
			children = (
				31258509298A8FC300C39F7B /* UITableView+Exetnsions.swift */,
				313FB5DD298BE554009AA68C /* UICollectionView+Exetnsions.swift */,
				3125850B298A91D800C39F7B /* UIView+Extensions.swift */,
				3167A4D8298C235B00384B99 /* UIViewController+Extensions.swift */,
			);
			path = Extensions;
			sourceTree = "<group>";
		};
		312584EF298A802400C39F7B /* Assets */ = {
			isa = PBXGroup;
			children = (
				312584C5298A7F3200C39F7B /* Assets.xcassets */,
			);
			path = Assets;
			sourceTree = "<group>";
		};
		312584F0298A803D00C39F7B /* Storyboards */ = {
			isa = PBXGroup;
			children = (
				312584C2298A7F3100C39F7B /* Main.storyboard */,
				312584C7298A7F3200C39F7B /* LaunchScreen.storyboard */,
			);
			path = Storyboards;
			sourceTree = "<group>";
		};
		312584F1298A807700C39F7B /* Base */ = {
			isa = PBXGroup;
			children = (
				312584C0298A7F3100C39F7B /* BaseViewController.swift */,
				3125850D298A970600C39F7B /* BaseTextField.swift */,
			);
			path = Base;
			sourceTree = "<group>";
		};
		312584F2298A877F00C39F7B /* Scenes */ = {
			isa = PBXGroup;
			children = (
				31258505298A8DCA00C39F7B /* Search */,
				3167A4CC298C149300384B99 /* Result */,
				31B29E23298BC45F0065B183 /* ItemDetails */,
			);
			path = Scenes;
			sourceTree = "<group>";
		};
		312584FF298A8B8000C39F7B /* View */ = {
			isa = PBXGroup;
			children = (
				31258504298A8BB000C39F7B /* Custom Cells */,
				312584FD298A8B7B00C39F7B /* SearchViewController.swift */,
			);
			path = View;
			sourceTree = "<group>";
		};
		31258504298A8BB000C39F7B /* Custom Cells */ = {
			isa = PBXGroup;
			children = (
				31258500298A8BAC00C39F7B /* SearchInputTableViewCell.swift */,
				31258501298A8BAC00C39F7B /* SearchInputTableViewCell.xib */,
			);
			path = "Custom Cells";
			sourceTree = "<group>";
		};
		31258505298A8DCA00C39F7B /* Search */ = {
			isa = PBXGroup;
			children = (
				3167A4C9298C074C00384B99 /* ViewModel */,
				3167A4B7298BF0CE00384B99 /* Enums */,
				31258506298A8DE000C39F7B /* Model */,
				312584FF298A8B8000C39F7B /* View */,
			);
			path = Search;
			sourceTree = "<group>";
		};
		31258506298A8DE000C39F7B /* Model */ = {
			isa = PBXGroup;
			children = (
				3167A4DE298C97A300384B99 /* SearchModel.swift */,
			);
			path = Model;
			sourceTree = "<group>";
		};
		3167A4B2298BEB5800384B99 /* Custom View */ = {
			isa = PBXGroup;
			children = (
				3167A4B3298BEB6E00384B99 /* GradientView.swift */,
				3167A4B5298BED4800384B99 /* GradientButton.swift */,
				3167A4C0298BF8ED00384B99 /* DashedView.swift */,
			);
			path = "Custom View";
			sourceTree = "<group>";
		};
		3167A4B7298BF0CE00384B99 /* Enums */ = {
			isa = PBXGroup;
			children = (
				3167A4B8298BF0E800384B99 /* SearchSections.swift */,
			);
			path = Enums;
			sourceTree = "<group>";
		};
		3167A4C6298C037400384B99 /* Enums */ = {
			isa = PBXGroup;
			children = (
				3167A4C7298C038B00384B99 /* DetailsSections.swift */,
			);
			path = Enums;
			sourceTree = "<group>";
		};
		3167A4C9298C074C00384B99 /* ViewModel */ = {
			isa = PBXGroup;
			children = (
				3167A4CA298C075F00384B99 /* SearchViewModel.swift */,
			);
			path = ViewModel;
			sourceTree = "<group>";
		};
		3167A4CC298C149300384B99 /* Result */ = {
			isa = PBXGroup;
			children = (
				3167A4D5298C177100384B99 /* Model */,
				3167A4CD298C149C00384B99 /* View */,
			);
			path = Result;
			sourceTree = "<group>";
		};
		3167A4CD298C149C00384B99 /* View */ = {
			isa = PBXGroup;
			children = (
				3167A4D0298C153F00384B99 /* CustomCells */,
				3167A4CE298C14B700384B99 /* ResultViewController.swift */,
			);
			path = View;
			sourceTree = "<group>";
		};
		3167A4D0298C153F00384B99 /* CustomCells */ = {
			isa = PBXGroup;
			children = (
				3167A4D1298C155900384B99 /* ResultTableViewCell.swift */,
				3167A4D2298C155900384B99 /* ResultTableViewCell.xib */,
			);
			path = CustomCells;
			sourceTree = "<group>";
		};
		3167A4D5298C177100384B99 /* Model */ = {
			isa = PBXGroup;
			children = (
				3167A4D6298C177A00384B99 /* ResultModel.swift */,
			);
			path = Model;
			sourceTree = "<group>";
		};
		31B29E23298BC45F0065B183 /* ItemDetails */ = {
			isa = PBXGroup;
			children = (
				3167A4C6298C037400384B99 /* Enums */,
				31B29E24298BC47A0065B183 /* View */,
			);
			path = ItemDetails;
			sourceTree = "<group>";
		};
		31B29E24298BC47A0065B183 /* View */ = {
			isa = PBXGroup;
			children = (
				31B29E27298BC4970065B183 /* Custom Cells */,
				31B29E25298BC48D0065B183 /* ItemDetailsViewController.swift */,
			);
			path = View;
			sourceTree = "<group>";
		};
		31B29E27298BC4970065B183 /* Custom Cells */ = {
			isa = PBXGroup;
			children = (
				31B29E34298BCADC0065B183 /* ItemDetailsTableViewCell.swift */,
				31B29E35298BCADC0065B183 /* ItemDetailsTableViewCell.xib */,
				3167A4C2298BFBE500384B99 /* ItemVideosCollectionViewCell.swift */,
				3167A4C3298BFBE500384B99 /* ItemVideosCollectionViewCell.xib */,
				3167A4DA298C2E5100384B99 /* BuyerSectionHeaderView.swift */,
				3167A4DC298C2E7100384B99 /* BuyerSectionHeaderView.xib */,
				31B29E30298BCAC60065B183 /* BuyerTableViewCell.swift */,
				31B29E31298BCAC60065B183 /* BuyerTableViewCell.xib */,
				31B29E2C298BCA9D0065B183 /* SellerTableViewCell.swift */,
				31B29E2D298BCA9D0065B183 /* SellerTableViewCell.xib */,
				31B29E28298BC8B40065B183 /* RecommendedItemsTableViewCell.swift */,
				31B29E29298BC8B40065B183 /* RecommendedItemsTableViewCell.xib */,
				31B29E38298BCAFB0065B183 /* RecommendedItemCollectionViewCell.swift */,
				31B29E39298BCAFB0065B183 /* RecommendedItemCollectionViewCell.xib */,
				3167A4BA298BF45900384B99 /* PriceCollectionViewCell.swift */,
				3167A4BB298BF45900384B99 /* PriceCollectionViewCell.xib */,
			);
			path = "Custom Cells";
			sourceTree = "<group>";
		};
		B52800235A136CFE44FCD270 /* Pods */ = {
			isa = PBXGroup;
			children = (
				78955A088DFBD4D122F6C3F1 /* Pods-Mazaady.debug.xcconfig */,
				68547907B33067106C796A75 /* Pods-Mazaady.release.xcconfig */,
				655A27BB6EB25FDF55CE092C /* Pods-Mazaady-MazaadyUITests.debug.xcconfig */,
				6CF5FC2F678114269AD66BC0 /* Pods-Mazaady-MazaadyUITests.release.xcconfig */,
				D3597FB89DD2CA336163A40F /* Pods-MazaadyTests.debug.xcconfig */,
				BBE7E0122FF92652BEE3423F /* Pods-MazaadyTests.release.xcconfig */,
			);
			path = Pods;
			sourceTree = "<group>";
		};
		DA8ADEB91389C26C3912E466 /* Frameworks */ = {
			isa = PBXGroup;
			children = (
				E61A5155ED46586E62B3DF7B /* Pods_Mazaady.framework */,
				19DADE92430B5E66E1636ECA /* Pods_Mazaady_MazaadyUITests.framework */,
				58480EA7B5A02DB70EC6FDF4 /* Pods_MazaadyTests.framework */,
			);
			name = Frameworks;
			sourceTree = "<group>";
		};
/* End PBXGroup section */

/* Begin PBXNativeTarget section */
		312584B8298A7F3100C39F7B /* Mazaady */ = {
			isa = PBXNativeTarget;
			buildConfigurationList = 312584E3298A7F3200C39F7B /* Build configuration list for PBXNativeTarget "Mazaady" */;
			buildPhases = (
				C8C46444EB936157045CDAAF /* [CP] Check Pods Manifest.lock */,
				312584B5298A7F3100C39F7B /* Sources */,
				312584B6298A7F3100C39F7B /* Frameworks */,
				312584B7298A7F3100C39F7B /* Resources */,
				85FA21C8F53F7076CA793C49 /* [CP] Embed Pods Frameworks */,
			);
			buildRules = (
			);
			dependencies = (
			);
			name = Mazaady;
			productName = Mazaady;
			productReference = 312584B9298A7F3100C39F7B /* Mazaady.app */;
			productType = "com.apple.product-type.application";
		};
		312584CE298A7F3200C39F7B /* MazaadyTests */ = {
			isa = PBXNativeTarget;
			buildConfigurationList = 312584E6298A7F3200C39F7B /* Build configuration list for PBXNativeTarget "MazaadyTests" */;
			buildPhases = (
				B08F7D78C4256F7EF22B87FE /* [CP] Check Pods Manifest.lock */,
				312584CB298A7F3200C39F7B /* Sources */,
				312584CC298A7F3200C39F7B /* Frameworks */,
				312584CD298A7F3200C39F7B /* Resources */,
			);
			buildRules = (
			);
			dependencies = (
				312584D1298A7F3200C39F7B /* PBXTargetDependency */,
			);
			name = MazaadyTests;
			productName = MazaadyTests;
			productReference = 312584CF298A7F3200C39F7B /* MazaadyTests.xctest */;
			productType = "com.apple.product-type.bundle.unit-test";
		};
		312584D8298A7F3200C39F7B /* MazaadyUITests */ = {
			isa = PBXNativeTarget;
			buildConfigurationList = 312584E9298A7F3200C39F7B /* Build configuration list for PBXNativeTarget "MazaadyUITests" */;
			buildPhases = (
				0A0F1297CA76596E34AD8F45 /* [CP] Check Pods Manifest.lock */,
				312584D5298A7F3200C39F7B /* Sources */,
				312584D6298A7F3200C39F7B /* Frameworks */,
				312584D7298A7F3200C39F7B /* Resources */,
				33BB83C0C82849C3136FA03E /* [CP] Embed Pods Frameworks */,
			);
			buildRules = (
			);
			dependencies = (
				312584DB298A7F3200C39F7B /* PBXTargetDependency */,
			);
			name = MazaadyUITests;
			productName = MazaadyUITests;
			productReference = 312584D9298A7F3200C39F7B /* MazaadyUITests.xctest */;
			productType = "com.apple.product-type.bundle.ui-testing";
		};
/* End PBXNativeTarget section */

/* Begin PBXProject section */
		312584B1298A7F3100C39F7B /* Project object */ = {
			isa = PBXProject;
			attributes = {
				BuildIndependentTargetsInParallel = 1;
				LastSwiftUpdateCheck = 1420;
				LastUpgradeCheck = 1420;
				TargetAttributes = {
					312584B8298A7F3100C39F7B = {
						CreatedOnToolsVersion = 14.2;
					};
					312584CE298A7F3200C39F7B = {
						CreatedOnToolsVersion = 14.2;
						TestTargetID = 312584B8298A7F3100C39F7B;
					};
					312584D8298A7F3200C39F7B = {
						CreatedOnToolsVersion = 14.2;
						TestTargetID = 312584B8298A7F3100C39F7B;
					};
				};
			};
			buildConfigurationList = 312584B4298A7F3100C39F7B /* Build configuration list for PBXProject "Mazaady" */;
			compatibilityVersion = "Xcode 14.0";
			developmentRegion = en;
			hasScannedForEncodings = 0;
			knownRegions = (
				en,
				Base,
			);
			mainGroup = 312584B0298A7F3100C39F7B;
			productRefGroup = 312584BA298A7F3100C39F7B /* Products */;
			projectDirPath = "";
			projectRoot = "";
			targets = (
				312584B8298A7F3100C39F7B /* Mazaady */,
				312584CE298A7F3200C39F7B /* MazaadyTests */,
				312584D8298A7F3200C39F7B /* MazaadyUITests */,
			);
		};
/* End PBXProject section */

/* Begin PBXResourcesBuildPhase section */
		312584B7298A7F3100C39F7B /* Resources */ = {
			isa = PBXResourcesBuildPhase;
			buildActionMask = 2147483647;
			files = (
				31B29E33298BCAC70065B183 /* BuyerTableViewCell.xib in Resources */,
				31B29E2B298BC8B40065B183 /* RecommendedItemsTableViewCell.xib in Resources */,
				3167A4D4298C155900384B99 /* ResultTableViewCell.xib in Resources */,
				312584C9298A7F3200C39F7B /* LaunchScreen.storyboard in Resources */,
				312584C6298A7F3200C39F7B /* Assets.xcassets in Resources */,
				3167A4BD298BF45900384B99 /* PriceCollectionViewCell.xib in Resources */,
				31258503298A8BAC00C39F7B /* SearchInputTableViewCell.xib in Resources */,
				31B29E37298BCADC0065B183 /* ItemDetailsTableViewCell.xib in Resources */,
				31B29E3B298BCAFB0065B183 /* RecommendedItemCollectionViewCell.xib in Resources */,
				31B29E2F298BCA9D0065B183 /* SellerTableViewCell.xib in Resources */,
				312584C4298A7F3100C39F7B /* Main.storyboard in Resources */,
				3167A4C5298BFBE500384B99 /* ItemVideosCollectionViewCell.xib in Resources */,
				3167A4DD298C2E7100384B99 /* BuyerSectionHeaderView.xib in Resources */,
			);
			runOnlyForDeploymentPostprocessing = 0;
		};
		312584CD298A7F3200C39F7B /* Resources */ = {
			isa = PBXResourcesBuildPhase;
			buildActionMask = 2147483647;
			files = (
			);
			runOnlyForDeploymentPostprocessing = 0;
		};
		312584D7298A7F3200C39F7B /* Resources */ = {
			isa = PBXResourcesBuildPhase;
			buildActionMask = 2147483647;
			files = (
			);
			runOnlyForDeploymentPostprocessing = 0;
		};
/* End PBXResourcesBuildPhase section */

/* Begin PBXShellScriptBuildPhase section */
		0A0F1297CA76596E34AD8F45 /* [CP] Check Pods Manifest.lock */ = {
			isa = PBXShellScriptBuildPhase;
			buildActionMask = 2147483647;
			files = (
			);
			inputFileListPaths = (
			);
			inputPaths = (
				"${PODS_PODFILE_DIR_PATH}/Podfile.lock",
				"${PODS_ROOT}/Manifest.lock",
			);
			name = "[CP] Check Pods Manifest.lock";
			outputFileListPaths = (
			);
			outputPaths = (
				"$(DERIVED_FILE_DIR)/Pods-Mazaady-MazaadyUITests-checkManifestLockResult.txt",
			);
			runOnlyForDeploymentPostprocessing = 0;
			shellPath = /bin/sh;
			shellScript = "diff \"${PODS_PODFILE_DIR_PATH}/Podfile.lock\" \"${PODS_ROOT}/Manifest.lock\" > /dev/null\nif [ $? != 0 ] ; then\n    # print error to STDERR\n    echo \"error: The sandbox is not in sync with the Podfile.lock. Run 'pod install' or update your CocoaPods installation.\" >&2\n    exit 1\nfi\n# This output is used by Xcode 'outputs' to avoid re-running this script phase.\necho \"SUCCESS\" > \"${SCRIPT_OUTPUT_FILE_0}\"\n";
			showEnvVarsInLog = 0;
		};
		33BB83C0C82849C3136FA03E /* [CP] Embed Pods Frameworks */ = {
			isa = PBXShellScriptBuildPhase;
			buildActionMask = 2147483647;
			files = (
			);
			inputFileListPaths = (
				"${PODS_ROOT}/Target Support Files/Pods-Mazaady-MazaadyUITests/Pods-Mazaady-MazaadyUITests-frameworks-${CONFIGURATION}-input-files.xcfilelist",
			);
			name = "[CP] Embed Pods Frameworks";
			outputFileListPaths = (
				"${PODS_ROOT}/Target Support Files/Pods-Mazaady-MazaadyUITests/Pods-Mazaady-MazaadyUITests-frameworks-${CONFIGURATION}-output-files.xcfilelist",
			);
			runOnlyForDeploymentPostprocessing = 0;
			shellPath = /bin/sh;
			shellScript = "\"${PODS_ROOT}/Target Support Files/Pods-Mazaady-MazaadyUITests/Pods-Mazaady-MazaadyUITests-frameworks.sh\"\n";
			showEnvVarsInLog = 0;
		};
		85FA21C8F53F7076CA793C49 /* [CP] Embed Pods Frameworks */ = {
			isa = PBXShellScriptBuildPhase;
			buildActionMask = 2147483647;
			files = (
			);
			inputFileListPaths = (
				"${PODS_ROOT}/Target Support Files/Pods-Mazaady/Pods-Mazaady-frameworks-${CONFIGURATION}-input-files.xcfilelist",
			);
			name = "[CP] Embed Pods Frameworks";
			outputFileListPaths = (
				"${PODS_ROOT}/Target Support Files/Pods-Mazaady/Pods-Mazaady-frameworks-${CONFIGURATION}-output-files.xcfilelist",
			);
			runOnlyForDeploymentPostprocessing = 0;
			shellPath = /bin/sh;
			shellScript = "\"${PODS_ROOT}/Target Support Files/Pods-Mazaady/Pods-Mazaady-frameworks.sh\"\n";
			showEnvVarsInLog = 0;
		};
		B08F7D78C4256F7EF22B87FE /* [CP] Check Pods Manifest.lock */ = {
			isa = PBXShellScriptBuildPhase;
			buildActionMask = 2147483647;
			files = (
			);
			inputFileListPaths = (
			);
			inputPaths = (
				"${PODS_PODFILE_DIR_PATH}/Podfile.lock",
				"${PODS_ROOT}/Manifest.lock",
			);
			name = "[CP] Check Pods Manifest.lock";
			outputFileListPaths = (
			);
			outputPaths = (
				"$(DERIVED_FILE_DIR)/Pods-MazaadyTests-checkManifestLockResult.txt",
			);
			runOnlyForDeploymentPostprocessing = 0;
			shellPath = /bin/sh;
			shellScript = "diff \"${PODS_PODFILE_DIR_PATH}/Podfile.lock\" \"${PODS_ROOT}/Manifest.lock\" > /dev/null\nif [ $? != 0 ] ; then\n    # print error to STDERR\n    echo \"error: The sandbox is not in sync with the Podfile.lock. Run 'pod install' or update your CocoaPods installation.\" >&2\n    exit 1\nfi\n# This output is used by Xcode 'outputs' to avoid re-running this script phase.\necho \"SUCCESS\" > \"${SCRIPT_OUTPUT_FILE_0}\"\n";
			showEnvVarsInLog = 0;
		};
		C8C46444EB936157045CDAAF /* [CP] Check Pods Manifest.lock */ = {
			isa = PBXShellScriptBuildPhase;
			buildActionMask = 2147483647;
			files = (
			);
			inputFileListPaths = (
			);
			inputPaths = (
				"${PODS_PODFILE_DIR_PATH}/Podfile.lock",
				"${PODS_ROOT}/Manifest.lock",
			);
			name = "[CP] Check Pods Manifest.lock";
			outputFileListPaths = (
			);
			outputPaths = (
				"$(DERIVED_FILE_DIR)/Pods-Mazaady-checkManifestLockResult.txt",
			);
			runOnlyForDeploymentPostprocessing = 0;
			shellPath = /bin/sh;
			shellScript = "diff \"${PODS_PODFILE_DIR_PATH}/Podfile.lock\" \"${PODS_ROOT}/Manifest.lock\" > /dev/null\nif [ $? != 0 ] ; then\n    # print error to STDERR\n    echo \"error: The sandbox is not in sync with the Podfile.lock. Run 'pod install' or update your CocoaPods installation.\" >&2\n    exit 1\nfi\n# This output is used by Xcode 'outputs' to avoid re-running this script phase.\necho \"SUCCESS\" > \"${SCRIPT_OUTPUT_FILE_0}\"\n";
			showEnvVarsInLog = 0;
		};
/* End PBXShellScriptBuildPhase section */

/* Begin PBXSourcesBuildPhase section */
		312584B5298A7F3100C39F7B /* Sources */ = {
			isa = PBXSourcesBuildPhase;
			buildActionMask = 2147483647;
			files = (
				313FB5DE298BE554009AA68C /* UICollectionView+Exetnsions.swift in Sources */,
				31B29E2E298BCA9D0065B183 /* SellerTableViewCell.swift in Sources */,
				3167A4B4298BEB6E00384B99 /* GradientView.swift in Sources */,
				31258502298A8BAC00C39F7B /* SearchInputTableViewCell.swift in Sources */,
				31B29E36298BCADC0065B183 /* ItemDetailsTableViewCell.swift in Sources */,
				3167A4CF298C14B700384B99 /* ResultViewController.swift in Sources */,
				312584FA298A87FF00C39F7B /* Endpoint.swift in Sources */,
				3167A4B6298BED4800384B99 /* GradientButton.swift in Sources */,
				31B29E26298BC48D0065B183 /* ItemDetailsViewController.swift in Sources */,
				3125850E298A970600C39F7B /* BaseTextField.swift in Sources */,
				312584F8298A87F800C39F7B /* Result.swift in Sources */,
				312584C1298A7F3100C39F7B /* BaseViewController.swift in Sources */,
				31B29E32298BCAC70065B183 /* BuyerTableViewCell.swift in Sources */,
				31B29E2A298BC8B40065B183 /* RecommendedItemsTableViewCell.swift in Sources */,
				3167A4B9298BF0E800384B99 /* SearchSections.swift in Sources */,
				3167A4D3298C155900384B99 /* ResultTableViewCell.swift in Sources */,
				312584F4298A87E600C39F7B /* APIError.swift in Sources */,
				3125850C298A91D800C39F7B /* UIView+Extensions.swift in Sources */,
				3167A4BC298BF45900384B99 /* PriceCollectionViewCell.swift in Sources */,
				312584BD298A7F3100C39F7B /* AppDelegate.swift in Sources */,
				3167A4CB298C075F00384B99 /* SearchViewModel.swift in Sources */,
				312584FE298A8B7B00C39F7B /* SearchViewController.swift in Sources */,
				3125850A298A8FC300C39F7B /* UITableView+Exetnsions.swift in Sources */,
				3167A4C4298BFBE500384B99 /* ItemVideosCollectionViewCell.swift in Sources */,
				3167A4C8298C038B00384B99 /* DetailsSections.swift in Sources */,
				3167A4C1298BF8ED00384B99 /* DashedView.swift in Sources */,
				312584BF298A7F3100C39F7B /* SceneDelegate.swift in Sources */,
				3167A4DF298C97A300384B99 /* SearchModel.swift in Sources */,
				3167A4D9298C235B00384B99 /* UIViewController+Extensions.swift in Sources */,
				3167A4D7298C177A00384B99 /* ResultModel.swift in Sources */,
				312584F6298A87F100C39F7B /* APIRoute.swift in Sources */,
				312584FC298A880E00C39F7B /* Mazaady.swift in Sources */,
				31B29E3A298BCAFB0065B183 /* RecommendedItemCollectionViewCell.swift in Sources */,
				3167A4DB298C2E5100384B99 /* BuyerSectionHeaderView.swift in Sources */,
			);
			runOnlyForDeploymentPostprocessing = 0;
		};
		312584CB298A7F3200C39F7B /* Sources */ = {
			isa = PBXSourcesBuildPhase;
			buildActionMask = 2147483647;
			files = (
				312584D4298A7F3200C39F7B /* MazaadyTests.swift in Sources */,
			);
			runOnlyForDeploymentPostprocessing = 0;
		};
		312584D5298A7F3200C39F7B /* Sources */ = {
			isa = PBXSourcesBuildPhase;
			buildActionMask = 2147483647;
			files = (
				312584E0298A7F3200C39F7B /* MazaadyUITestsLaunchTests.swift in Sources */,
				312584DE298A7F3200C39F7B /* MazaadyUITests.swift in Sources */,
			);
			runOnlyForDeploymentPostprocessing = 0;
		};
/* End PBXSourcesBuildPhase section */

/* Begin PBXTargetDependency section */
		312584D1298A7F3200C39F7B /* PBXTargetDependency */ = {
			isa = PBXTargetDependency;
			target = 312584B8298A7F3100C39F7B /* Mazaady */;
			targetProxy = 312584D0298A7F3200C39F7B /* PBXContainerItemProxy */;
		};
		312584DB298A7F3200C39F7B /* PBXTargetDependency */ = {
			isa = PBXTargetDependency;
			target = 312584B8298A7F3100C39F7B /* Mazaady */;
			targetProxy = 312584DA298A7F3200C39F7B /* PBXContainerItemProxy */;
		};
/* End PBXTargetDependency section */

/* Begin PBXVariantGroup section */
		312584C2298A7F3100C39F7B /* Main.storyboard */ = {
			isa = PBXVariantGroup;
			children = (
				312584C3298A7F3100C39F7B /* Base */,
			);
			name = Main.storyboard;
			sourceTree = "<group>";
		};
		312584C7298A7F3200C39F7B /* LaunchScreen.storyboard */ = {
			isa = PBXVariantGroup;
			children = (
				312584C8298A7F3200C39F7B /* Base */,
			);
			name = LaunchScreen.storyboard;
			sourceTree = "<group>";
		};
/* End PBXVariantGroup section */

/* Begin XCBuildConfiguration section */
		312584E1298A7F3200C39F7B /* Debug */ = {
			isa = XCBuildConfiguration;
			buildSettings = {
				ALWAYS_SEARCH_USER_PATHS = NO;
				CLANG_ANALYZER_NONNULL = YES;
				CLANG_ANALYZER_NUMBER_OBJECT_CONVERSION = YES_AGGRESSIVE;
				CLANG_CXX_LANGUAGE_STANDARD = "gnu++20";
				CLANG_ENABLE_MODULES = YES;
				CLANG_ENABLE_OBJC_ARC = YES;
				CLANG_ENABLE_OBJC_WEAK = YES;
				CLANG_WARN_BLOCK_CAPTURE_AUTORELEASING = YES;
				CLANG_WARN_BOOL_CONVERSION = YES;
				CLANG_WARN_COMMA = YES;
				CLANG_WARN_CONSTANT_CONVERSION = YES;
				CLANG_WARN_DEPRECATED_OBJC_IMPLEMENTATIONS = YES;
				CLANG_WARN_DIRECT_OBJC_ISA_USAGE = YES_ERROR;
				CLANG_WARN_DOCUMENTATION_COMMENTS = YES;
				CLANG_WARN_EMPTY_BODY = YES;
				CLANG_WARN_ENUM_CONVERSION = YES;
				CLANG_WARN_INFINITE_RECURSION = YES;
				CLANG_WARN_INT_CONVERSION = YES;
				CLANG_WARN_NON_LITERAL_NULL_CONVERSION = YES;
				CLANG_WARN_OBJC_IMPLICIT_RETAIN_SELF = YES;
				CLANG_WARN_OBJC_LITERAL_CONVERSION = YES;
				CLANG_WARN_OBJC_ROOT_CLASS = YES_ERROR;
				CLANG_WARN_QUOTED_INCLUDE_IN_FRAMEWORK_HEADER = YES;
				CLANG_WARN_RANGE_LOOP_ANALYSIS = YES;
				CLANG_WARN_STRICT_PROTOTYPES = YES;
				CLANG_WARN_SUSPICIOUS_MOVE = YES;
				CLANG_WARN_UNGUARDED_AVAILABILITY = YES_AGGRESSIVE;
				CLANG_WARN_UNREACHABLE_CODE = YES;
				CLANG_WARN__DUPLICATE_METHOD_MATCH = YES;
				COPY_PHASE_STRIP = NO;
				DEBUG_INFORMATION_FORMAT = dwarf;
				ENABLE_STRICT_OBJC_MSGSEND = YES;
				ENABLE_TESTABILITY = YES;
				GCC_C_LANGUAGE_STANDARD = gnu11;
				GCC_DYNAMIC_NO_PIC = NO;
				GCC_NO_COMMON_BLOCKS = YES;
				GCC_OPTIMIZATION_LEVEL = 0;
				GCC_PREPROCESSOR_DEFINITIONS = (
					"DEBUG=1",
					"$(inherited)",
				);
				GCC_WARN_64_TO_32_BIT_CONVERSION = YES;
				GCC_WARN_ABOUT_RETURN_TYPE = YES_ERROR;
				GCC_WARN_UNDECLARED_SELECTOR = YES;
				GCC_WARN_UNINITIALIZED_AUTOS = YES_AGGRESSIVE;
				GCC_WARN_UNUSED_FUNCTION = YES;
				GCC_WARN_UNUSED_VARIABLE = YES;
				IPHONEOS_DEPLOYMENT_TARGET = 16.2;
				MTL_ENABLE_DEBUG_INFO = INCLUDE_SOURCE;
				MTL_FAST_MATH = YES;
				ONLY_ACTIVE_ARCH = YES;
				SDKROOT = iphoneos;
				SWIFT_ACTIVE_COMPILATION_CONDITIONS = DEBUG;
				SWIFT_OPTIMIZATION_LEVEL = "-Onone";
			};
			name = Debug;
		};
		312584E2298A7F3200C39F7B /* Release */ = {
			isa = XCBuildConfiguration;
			buildSettings = {
				ALWAYS_SEARCH_USER_PATHS = NO;
				CLANG_ANALYZER_NONNULL = YES;
				CLANG_ANALYZER_NUMBER_OBJECT_CONVERSION = YES_AGGRESSIVE;
				CLANG_CXX_LANGUAGE_STANDARD = "gnu++20";
				CLANG_ENABLE_MODULES = YES;
				CLANG_ENABLE_OBJC_ARC = YES;
				CLANG_ENABLE_OBJC_WEAK = YES;
				CLANG_WARN_BLOCK_CAPTURE_AUTORELEASING = YES;
				CLANG_WARN_BOOL_CONVERSION = YES;
				CLANG_WARN_COMMA = YES;
				CLANG_WARN_CONSTANT_CONVERSION = YES;
				CLANG_WARN_DEPRECATED_OBJC_IMPLEMENTATIONS = YES;
				CLANG_WARN_DIRECT_OBJC_ISA_USAGE = YES_ERROR;
				CLANG_WARN_DOCUMENTATION_COMMENTS = YES;
				CLANG_WARN_EMPTY_BODY = YES;
				CLANG_WARN_ENUM_CONVERSION = YES;
				CLANG_WARN_INFINITE_RECURSION = YES;
				CLANG_WARN_INT_CONVERSION = YES;
				CLANG_WARN_NON_LITERAL_NULL_CONVERSION = YES;
				CLANG_WARN_OBJC_IMPLICIT_RETAIN_SELF = YES;
				CLANG_WARN_OBJC_LITERAL_CONVERSION = YES;
				CLANG_WARN_OBJC_ROOT_CLASS = YES_ERROR;
				CLANG_WARN_QUOTED_INCLUDE_IN_FRAMEWORK_HEADER = YES;
				CLANG_WARN_RANGE_LOOP_ANALYSIS = YES;
				CLANG_WARN_STRICT_PROTOTYPES = YES;
				CLANG_WARN_SUSPICIOUS_MOVE = YES;
				CLANG_WARN_UNGUARDED_AVAILABILITY = YES_AGGRESSIVE;
				CLANG_WARN_UNREACHABLE_CODE = YES;
				CLANG_WARN__DUPLICATE_METHOD_MATCH = YES;
				COPY_PHASE_STRIP = NO;
				DEBUG_INFORMATION_FORMAT = "dwarf-with-dsym";
				ENABLE_NS_ASSERTIONS = NO;
				ENABLE_STRICT_OBJC_MSGSEND = YES;
				GCC_C_LANGUAGE_STANDARD = gnu11;
				GCC_NO_COMMON_BLOCKS = YES;
				GCC_WARN_64_TO_32_BIT_CONVERSION = YES;
				GCC_WARN_ABOUT_RETURN_TYPE = YES_ERROR;
				GCC_WARN_UNDECLARED_SELECTOR = YES;
				GCC_WARN_UNINITIALIZED_AUTOS = YES_AGGRESSIVE;
				GCC_WARN_UNUSED_FUNCTION = YES;
				GCC_WARN_UNUSED_VARIABLE = YES;
				IPHONEOS_DEPLOYMENT_TARGET = 16.2;
				MTL_ENABLE_DEBUG_INFO = NO;
				MTL_FAST_MATH = YES;
				SDKROOT = iphoneos;
				SWIFT_COMPILATION_MODE = wholemodule;
				SWIFT_OPTIMIZATION_LEVEL = "-O";
				VALIDATE_PRODUCT = YES;
			};
			name = Release;
		};
		312584E4298A7F3200C39F7B /* Debug */ = {
			isa = XCBuildConfiguration;
			baseConfigurationReference = 78955A088DFBD4D122F6C3F1 /* Pods-Mazaady.debug.xcconfig */;
			buildSettings = {
				ASSETCATALOG_COMPILER_APPICON_NAME = AppIcon;
				ASSETCATALOG_COMPILER_GLOBAL_ACCENT_COLOR_NAME = AccentColor;
				CODE_SIGN_STYLE = Automatic;
				CURRENT_PROJECT_VERSION = 1;
				DEVELOPMENT_TEAM = TVF44C8U64;
				GENERATE_INFOPLIST_FILE = YES;
				INFOPLIST_FILE = Mazaady/Info.plist;
				INFOPLIST_KEY_LSApplicationCategoryType = "public.app-category.entertainment";
				INFOPLIST_KEY_UIApplicationSupportsIndirectInputEvents = YES;
				INFOPLIST_KEY_UILaunchStoryboardName = LaunchScreen;
				INFOPLIST_KEY_UIMainStoryboardFile = Main;
				INFOPLIST_KEY_UISupportedInterfaceOrientations = UIInterfaceOrientationPortrait;
				IPHONEOS_DEPLOYMENT_TARGET = 13.0;
				LD_RUNPATH_SEARCH_PATHS = (
					"$(inherited)",
					"@executable_path/Frameworks",
				);
				MARKETING_VERSION = 1.0;
				PRODUCT_BUNDLE_IDENTIFIER = com.Mazaady.Mazaady;
				PRODUCT_NAME = "$(TARGET_NAME)";
				SUPPORTED_PLATFORMS = "iphoneos iphonesimulator";
				SUPPORTS_MACCATALYST = NO;
				SUPPORTS_MAC_DESIGNED_FOR_IPHONE_IPAD = NO;
				SWIFT_EMIT_LOC_STRINGS = YES;
				SWIFT_VERSION = 5.0;
				TARGETED_DEVICE_FAMILY = 1;
			};
			name = Debug;
		};
		312584E5298A7F3200C39F7B /* Release */ = {
			isa = XCBuildConfiguration;
			baseConfigurationReference = 68547907B33067106C796A75 /* Pods-Mazaady.release.xcconfig */;
			buildSettings = {
				ASSETCATALOG_COMPILER_APPICON_NAME = AppIcon;
				ASSETCATALOG_COMPILER_GLOBAL_ACCENT_COLOR_NAME = AccentColor;
				CODE_SIGN_STYLE = Automatic;
				CURRENT_PROJECT_VERSION = 1;
				DEVELOPMENT_TEAM = TVF44C8U64;
				GENERATE_INFOPLIST_FILE = YES;
				INFOPLIST_FILE = Mazaady/Info.plist;
				INFOPLIST_KEY_LSApplicationCategoryType = "public.app-category.entertainment";
				INFOPLIST_KEY_UIApplicationSupportsIndirectInputEvents = YES;
				INFOPLIST_KEY_UILaunchStoryboardName = LaunchScreen;
				INFOPLIST_KEY_UIMainStoryboardFile = Main;
				INFOPLIST_KEY_UISupportedInterfaceOrientations = UIInterfaceOrientationPortrait;
				IPHONEOS_DEPLOYMENT_TARGET = 13.0;
				LD_RUNPATH_SEARCH_PATHS = (
					"$(inherited)",
					"@executable_path/Frameworks",
				);
				MARKETING_VERSION = 1.0;
				PRODUCT_BUNDLE_IDENTIFIER = com.Mazaady.Mazaady;
				PRODUCT_NAME = "$(TARGET_NAME)";
				SUPPORTED_PLATFORMS = "iphoneos iphonesimulator";
				SUPPORTS_MACCATALYST = NO;
				SUPPORTS_MAC_DESIGNED_FOR_IPHONE_IPAD = NO;
				SWIFT_EMIT_LOC_STRINGS = YES;
				SWIFT_VERSION = 5.0;
				TARGETED_DEVICE_FAMILY = 1;
			};
			name = Release;
		};
		312584E7298A7F3200C39F7B /* Debug */ = {
			isa = XCBuildConfiguration;
			baseConfigurationReference = D3597FB89DD2CA336163A40F /* Pods-MazaadyTests.debug.xcconfig */;
			buildSettings = {
				ALWAYS_EMBED_SWIFT_STANDARD_LIBRARIES = YES;
				BUNDLE_LOADER = "$(TEST_HOST)";
				CODE_SIGN_STYLE = Automatic;
				CURRENT_PROJECT_VERSION = 1;
				DEVELOPMENT_TEAM = TVF44C8U64;
				GENERATE_INFOPLIST_FILE = YES;
				IPHONEOS_DEPLOYMENT_TARGET = 16.2;
				MARKETING_VERSION = 1.0;
				PRODUCT_BUNDLE_IDENTIFIER = com.Mazaady.MazaadyTests;
				PRODUCT_NAME = "$(TARGET_NAME)";
				SWIFT_EMIT_LOC_STRINGS = NO;
				SWIFT_VERSION = 5.0;
				TARGETED_DEVICE_FAMILY = "1,2";
				TEST_HOST = "$(BUILT_PRODUCTS_DIR)/Mazaady.app/$(BUNDLE_EXECUTABLE_FOLDER_PATH)/Mazaady";
			};
			name = Debug;
		};
		312584E8298A7F3200C39F7B /* Release */ = {
			isa = XCBuildConfiguration;
			baseConfigurationReference = BBE7E0122FF92652BEE3423F /* Pods-MazaadyTests.release.xcconfig */;
			buildSettings = {
				ALWAYS_EMBED_SWIFT_STANDARD_LIBRARIES = YES;
				BUNDLE_LOADER = "$(TEST_HOST)";
				CODE_SIGN_STYLE = Automatic;
				CURRENT_PROJECT_VERSION = 1;
				DEVELOPMENT_TEAM = TVF44C8U64;
				GENERATE_INFOPLIST_FILE = YES;
				IPHONEOS_DEPLOYMENT_TARGET = 16.2;
				MARKETING_VERSION = 1.0;
				PRODUCT_BUNDLE_IDENTIFIER = com.Mazaady.MazaadyTests;
				PRODUCT_NAME = "$(TARGET_NAME)";
				SWIFT_EMIT_LOC_STRINGS = NO;
				SWIFT_VERSION = 5.0;
				TARGETED_DEVICE_FAMILY = "1,2";
				TEST_HOST = "$(BUILT_PRODUCTS_DIR)/Mazaady.app/$(BUNDLE_EXECUTABLE_FOLDER_PATH)/Mazaady";
			};
			name = Release;
		};
		312584EA298A7F3200C39F7B /* Debug */ = {
			isa = XCBuildConfiguration;
			baseConfigurationReference = 655A27BB6EB25FDF55CE092C /* Pods-Mazaady-MazaadyUITests.debug.xcconfig */;
			buildSettings = {
				ALWAYS_EMBED_SWIFT_STANDARD_LIBRARIES = YES;
				CODE_SIGN_STYLE = Automatic;
				CURRENT_PROJECT_VERSION = 1;
				DEVELOPMENT_TEAM = TVF44C8U64;
				GENERATE_INFOPLIST_FILE = YES;
				MARKETING_VERSION = 1.0;
				PRODUCT_BUNDLE_IDENTIFIER = com.Mazaady.MazaadyUITests;
				PRODUCT_NAME = "$(TARGET_NAME)";
				SWIFT_EMIT_LOC_STRINGS = NO;
				SWIFT_VERSION = 5.0;
				TARGETED_DEVICE_FAMILY = "1,2";
				TEST_TARGET_NAME = Mazaady;
			};
			name = Debug;
		};
		312584EB298A7F3200C39F7B /* Release */ = {
			isa = XCBuildConfiguration;
			baseConfigurationReference = 6CF5FC2F678114269AD66BC0 /* Pods-Mazaady-MazaadyUITests.release.xcconfig */;
			buildSettings = {
				ALWAYS_EMBED_SWIFT_STANDARD_LIBRARIES = YES;
				CODE_SIGN_STYLE = Automatic;
				CURRENT_PROJECT_VERSION = 1;
				DEVELOPMENT_TEAM = TVF44C8U64;
				GENERATE_INFOPLIST_FILE = YES;
				MARKETING_VERSION = 1.0;
				PRODUCT_BUNDLE_IDENTIFIER = com.Mazaady.MazaadyUITests;
				PRODUCT_NAME = "$(TARGET_NAME)";
				SWIFT_EMIT_LOC_STRINGS = NO;
				SWIFT_VERSION = 5.0;
				TARGETED_DEVICE_FAMILY = "1,2";
				TEST_TARGET_NAME = Mazaady;
			};
			name = Release;
		};
/* End XCBuildConfiguration section */

/* Begin XCConfigurationList section */
		312584B4298A7F3100C39F7B /* Build configuration list for PBXProject "Mazaady" */ = {
			isa = XCConfigurationList;
			buildConfigurations = (
				312584E1298A7F3200C39F7B /* Debug */,
				312584E2298A7F3200C39F7B /* Release */,
			);
			defaultConfigurationIsVisible = 0;
			defaultConfigurationName = Release;
		};
		312584E3298A7F3200C39F7B /* Build configuration list for PBXNativeTarget "Mazaady" */ = {
			isa = XCConfigurationList;
			buildConfigurations = (
				312584E4298A7F3200C39F7B /* Debug */,
				312584E5298A7F3200C39F7B /* Release */,
			);
			defaultConfigurationIsVisible = 0;
			defaultConfigurationName = Release;
		};
		312584E6298A7F3200C39F7B /* Build configuration list for PBXNativeTarget "MazaadyTests" */ = {
			isa = XCConfigurationList;
			buildConfigurations = (
				312584E7298A7F3200C39F7B /* Debug */,
				312584E8298A7F3200C39F7B /* Release */,
			);
			defaultConfigurationIsVisible = 0;
			defaultConfigurationName = Release;
		};
		312584E9298A7F3200C39F7B /* Build configuration list for PBXNativeTarget "MazaadyUITests" */ = {
			isa = XCConfigurationList;
			buildConfigurations = (
				312584EA298A7F3200C39F7B /* Debug */,
				312584EB298A7F3200C39F7B /* Release */,
			);
			defaultConfigurationIsVisible = 0;
			defaultConfigurationName = Release;
		};
/* End XCConfigurationList section */
	};
	rootObject = 312584B1298A7F3100C39F7B /* Project object */;
}
